
Microsoft Visual Studio Solution File, Format Version 12.00
Project("{FAE04EC0-301F-11D3-BF4B-00C04F79EFBC}") = "Array", "Array\Array.csproj", "{01F1D9EE-D861-460E-8F9C-E8266DEAC05B}"
EndProject
Project("{FAE04EC0-301F-11D3-BF4B-00C04F79EFBC}") = "IsPrime", "IsPrime\IsPrime.csproj", "{814751D6-B728-41B5-BBC8-6A7BCFF55AD8}"
EndProject
Project("{FAE04EC0-301F-11D3-BF4B-00C04F79EFBC}") = "StarPatterns", "StarPatterns\StarPatterns.csproj", "{329F8F94-42BD-44FD-A67C-F435A18EF0E6}"
EndProject
Global
	GlobalSection(SolutionConfigurationPlatforms) = preSolution
		Debug|Any CPU = Debug|Any CPU
		Release|Any CPU = Release|Any CPU
	EndGlobalSection
	GlobalSection(ProjectConfigurationPlatforms) = postSolution
		{01F1D9EE-D861-460E-8F9C-E8266DEAC05B}.Debug|Any CPU.ActiveCfg = Debug|Any CPU
		{01F1D9EE-D861-460E-8F9C-E8266DEAC05B}.Debug|Any CPU.Build.0 = Debug|Any CPU
		{01F1D9EE-D861-460E-8F9C-E8266DEAC05B}.Release|Any CPU.ActiveCfg = Release|Any CPU
		{01F1D9EE-D861-460E-8F9C-E8266DEAC05B}.Release|Any CPU.Build.0 = Release|Any CPU
		{814751D6-B728-41B5-BBC8-6A7BCFF55AD8}.Debug|Any CPU.ActiveCfg = Debug|Any CPU
		{814751D6-B728-41B5-BBC8-6A7BCFF55AD8}.Debug|Any CPU.Build.0 = Debug|Any CPU
		{814751D6-B728-41B5-BBC8-6A7BCFF55AD8}.Release|Any CPU.ActiveCfg = Release|Any CPU
		{814751D6-B728-41B5-BBC8-6A7BCFF55AD8}.Release|Any CPU.Build.0 = Release|Any CPU
		{329F8F94-42BD-44FD-A67C-F435A18EF0E6}.Debug|Any CPU.ActiveCfg = Debug|Any CPU
		{329F8F94-42BD-44FD-A67C-F435A18EF0E6}.Debug|Any CPU.Build.0 = Debug|Any CPU
		{329F8F94-42BD-44FD-A67C-F435A18EF0E6}.Release|Any CPU.ActiveCfg = Release|Any CPU
		{329F8F94-42BD-44FD-A67C-F435A18EF0E6}.Release|Any CPU.Build.0 = Release|Any CPU
	EndGlobalSection
EndGlobal
